# This file was autogenerated by Stack.
# You should not edit this file by hand.
# For more information, please see the documentation at:
#   https://docs.haskellstack.org/en/stable/lock_files

packages:
- completed:
    hackage: fused-effects-1.1.1.1@sha256:c029c5fb0b2154281221a71ff25709d2a11347fe061fa8c2398e7fe52a16008d,4932
    pantry-tree:
      size: 6345
      sha256: 7d09ba6d70fc49a5fd2feef0e6b06122589b9f5e4539680c9d7933773e7273d7
  original:
    hackage: fused-effects-1.1.1.1
- completed:
    hackage: fused-effects-exceptions-1.1.0.1@sha256:b29e5150f8669c22f2c76686aaae8c1f876928ac57e7a186242355ac39d3da8d,1764
    pantry-tree:
      size: 520
      sha256: 90b551ca268451b4cb6d1a9833a00bb38308a3e20c6ab9280515566cdefa726d
  original:
    hackage: fused-effects-exceptions-1.1.0.1
snapshots:
- completed:
    size: 586292
    url: https://raw.githubusercontent.com/commercialhaskell/stackage-snapshots/master/lts/18/17.yaml
    sha256: e66e70a7f998036025e8f40abc89b8eeb79c88f57727020cba1b54f375aa7ca0
  original: lts-18.17
